
Microsoft Visual Studio Solution File, Format Version 12.00
# Visual Studio Version 17
VisualStudioVersion = 17.8.34309.116
MinimumVisualStudioVersion = 10.0.40219.1
Project("{9A19103F-16F7-4668-BE54-9A1E7A4F7556}") = "WebColegioPagos", "WebColegioPagos.csproj", "{52117FD4-022F-410F-AC7B-787E7D1544D8}"
EndProject
Global
	GlobalSection(SolutionConfigurationPlatforms) = preSolution
		Debug|Any CPU = Debug|Any CPU
		Release|Any CPU = Release|Any CPU
	EndGlobalSection
	GlobalSection(ProjectConfigurationPlatforms) = postSolution
		{52117FD4-022F-410F-AC7B-787E7D1544D8}.Debug|Any CPU.ActiveCfg = Debug|Any CPU
		{52117FD4-022F-410F-AC7B-787E7D1544D8}.Debug|Any CPU.Build.0 = Debug|Any CPU
		{52117FD4-022F-410F-AC7B-787E7D1544D8}.Release|Any CPU.ActiveCfg = Release|Any CPU
		{52117FD4-022F-410F-AC7B-787E7D1544D8}.Release|Any CPU.Build.0 = Release|Any CPU
	EndGlobalSection
	GlobalSection(SolutionProperties) = preSolution
		HideSolutionNode = FALSE
	EndGlobalSection
	GlobalSection(ExtensibilityGlobals) = postSolution
		SolutionGuid = {2958E555-6E58-4349-A4C6-59E941656E04}
	EndGlobalSection
EndGlobal
